// !$*UTF8*$!
{
	archiveVersion = 1;
	classes = {
	};
	objectVersion = 46;
	objects = {

/* Begin PBXBuildFile section */
		D47C6F7C15A3A8F100265F10 /* UIKit.framework in Frameworks */ = {isa = PBXBuildFile; fileRef = D47C6F7B15A3A8F100265F10 /* UIKit.framework */; };
		D47C6F7E15A3A8F100265F10 /* Foundation.framework in Frameworks */ = {isa = PBXBuildFile; fileRef = D47C6F7D15A3A8F100265F10 /* Foundation.framework */; };
		D47C6F8015A3A8F100265F10 /* CoreGraphics.framework in Frameworks */ = {isa = PBXBuildFile; fileRef = D47C6F7F15A3A8F100265F10 /* CoreGraphics.framework */; };
		D47C6F8615A3A8F100265F10 /* InfoPlist.strings in Resources */ = {isa = PBXBuildFile; fileRef = D47C6F8415A3A8F100265F10 /* InfoPlist.strings */; };
		D47C6F8815A3A8F100265F10 /* main.m in Sources */ = {isa = PBXBuildFile; fileRef = D47C6F8715A3A8F100265F10 /* main.m */; };
		D47C6F8C15A3A8F100265F10 /* Zero1_AppDelegate.m in Sources */ = {isa = PBXBuildFile; fileRef = D47C6F8B15A3A8F100265F10 /* Zero1_AppDelegate.m */; };
		D47C6F8F15A3A8F200265F10 /* MainStoryboard.storyboard in Resources */ = {isa = PBXBuildFile; fileRef = D47C6F8D15A3A8F200265F10 /* MainStoryboard.storyboard */; };
		D47C6FA815A628B000265F10 /* Zero1_GenericListViewController.m in Sources */ = {isa = PBXBuildFile; fileRef = D47C6FA715A628B000265F10 /* Zero1_GenericListViewController.m */; };
		D47C6FB315A631B000265F10 /* first.png in Resources */ = {isa = PBXBuildFile; fileRef = D47C6FAF15A631B000265F10 /* first.png */; };
		D47C6FB415A631B000265F10 /* first@2x.png in Resources */ = {isa = PBXBuildFile; fileRef = D47C6FB015A631B000265F10 /* first@2x.png */; };
		D47C6FB515A631B000265F10 /* second.png in Resources */ = {isa = PBXBuildFile; fileRef = D47C6FB115A631B000265F10 /* second.png */; };
		D47C6FB615A631B000265F10 /* second@2x.png in Resources */ = {isa = PBXBuildFile; fileRef = D47C6FB215A631B000265F10 /* second@2x.png */; };
		D47C6FCA15A6327300265F10 /* Omnes-Black.otf in Resources */ = {isa = PBXBuildFile; fileRef = D47C6FB815A6327300265F10 /* Omnes-Black.otf */; };
		D47C6FCB15A6327300265F10 /* Omnes-BlackItalic.otf in Resources */ = {isa = PBXBuildFile; fileRef = D47C6FB915A6327300265F10 /* Omnes-BlackItalic.otf */; };
		D47C6FCC15A6327300265F10 /* Omnes-Bold.otf in Resources */ = {isa = PBXBuildFile; fileRef = D47C6FBA15A6327300265F10 /* Omnes-Bold.otf */; };
		D47C6FCD15A6327300265F10 /* Omnes-BoldItalic.otf in Resources */ = {isa = PBXBuildFile; fileRef = D47C6FBB15A6327300265F10 /* Omnes-BoldItalic.otf */; };
		D47C6FCE15A6327300265F10 /* Omnes-ExtraLight.otf in Resources */ = {isa = PBXBuildFile; fileRef = D47C6FBC15A6327300265F10 /* Omnes-ExtraLight.otf */; };
		D47C6FCF15A6327300265F10 /* Omnes-ExtraLightItalic.otf in Resources */ = {isa = PBXBuildFile; fileRef = D47C6FBD15A6327300265F10 /* Omnes-ExtraLightItalic.otf */; };
		D47C6FD015A6327300265F10 /* Omnes-Hairline.otf in Resources */ = {isa = PBXBuildFile; fileRef = D47C6FBE15A6327300265F10 /* Omnes-Hairline.otf */; };
		D47C6FD115A6327300265F10 /* Omnes-HairlineItalic.otf in Resources */ = {isa = PBXBuildFile; fileRef = D47C6FBF15A6327300265F10 /* Omnes-HairlineItalic.otf */; };
		D47C6FD215A6327300265F10 /* Omnes-Light.otf in Resources */ = {isa = PBXBuildFile; fileRef = D47C6FC015A6327300265F10 /* Omnes-Light.otf */; };
		D47C6FD315A6327300265F10 /* Omnes-LightItalic.otf in Resources */ = {isa = PBXBuildFile; fileRef = D47C6FC115A6327300265F10 /* Omnes-LightItalic.otf */; };
		D47C6FD415A6327300265F10 /* Omnes-Medium.otf in Resources */ = {isa = PBXBuildFile; fileRef = D47C6FC215A6327300265F10 /* Omnes-Medium.otf */; };
		D47C6FD515A6327300265F10 /* Omnes-MediumItalic.otf in Resources */ = {isa = PBXBuildFile; fileRef = D47C6FC315A6327300265F10 /* Omnes-MediumItalic.otf */; };
		D47C6FD615A6327300265F10 /* Omnes-RegularItalic.otf in Resources */ = {isa = PBXBuildFile; fileRef = D47C6FC415A6327300265F10 /* Omnes-RegularItalic.otf */; };
		D47C6FD715A6327300265F10 /* Omnes-Semibold.otf in Resources */ = {isa = PBXBuildFile; fileRef = D47C6FC515A6327300265F10 /* Omnes-Semibold.otf */; };
		D47C6FD815A6327300265F10 /* Omnes-SemiboldItalic.otf in Resources */ = {isa = PBXBuildFile; fileRef = D47C6FC615A6327300265F10 /* Omnes-SemiboldItalic.otf */; };
		D47C6FD915A6327300265F10 /* Omnes-Thin.otf in Resources */ = {isa = PBXBuildFile; fileRef = D47C6FC715A6327300265F10 /* Omnes-Thin.otf */; };
		D47C6FDA15A6327300265F10 /* Omnes-ThinItalic.otf in Resources */ = {isa = PBXBuildFile; fileRef = D47C6FC815A6327300265F10 /* Omnes-ThinItalic.otf */; };
		D47C6FDB15A6327300265F10 /* Omnes.otf in Resources */ = {isa = PBXBuildFile; fileRef = D47C6FC915A6327300265F10 /* Omnes.otf */; };
		D47C6FE715A6328200265F10 /* Chrome-metal-texture-bright.jpg in Resources */ = {isa = PBXBuildFile; fileRef = D47C6FDC15A6328200265F10 /* Chrome-metal-texture-bright.jpg */; };
		D47C6FE815A6328200265F10 /* Chrome-metal-texture.jpg in Resources */ = {isa = PBXBuildFile; fileRef = D47C6FDD15A6328200265F10 /* Chrome-metal-texture.jpg */; };
		D47C6FE915A6328200265F10 /* copper-metal-bright.jpg in Resources */ = {isa = PBXBuildFile; fileRef = D47C6FDE15A6328200265F10 /* copper-metal-bright.jpg */; };
		D47C6FEA15A6328200265F10 /* gold-texture-soft.jpg in Resources */ = {isa = PBXBuildFile; fileRef = D47C6FDF15A6328200265F10 /* gold-texture-soft.jpg */; };
		D47C6FEB15A6328200265F10 /* gold-texture-tab.jpg in Resources */ = {isa = PBXBuildFile; fileRef = D47C6FE015A6328200265F10 /* gold-texture-tab.jpg */; };
		D47C6FEC15A6328200265F10 /* granite1.png in Resources */ = {isa = PBXBuildFile; fileRef = D47C6FE115A6328200265F10 /* granite1.png */; };
		D47C6FED15A6328200265F10 /* leather1.jpg in Resources */ = {isa = PBXBuildFile; fileRef = D47C6FE215A6328200265F10 /* leather1.jpg */; };
		D47C6FEE15A6328200265F10 /* red_wood_tabbar_selected.jpg in Resources */ = {isa = PBXBuildFile; fileRef = D47C6FE315A6328200265F10 /* red_wood_tabbar_selected.jpg */; };
		D47C6FEF15A6328200265F10 /* red_wood_tabbar.jpg in Resources */ = {isa = PBXBuildFile; fileRef = D47C6FE415A6328200265F10 /* red_wood_tabbar.jpg */; };
		D47C6FF015A6328200265F10 /* slate.jpg in Resources */ = {isa = PBXBuildFile; fileRef = D47C6FE515A6328200265F10 /* slate.jpg */; };
		D47C6FF115A6328200265F10 /* small_leather.jpg in Resources */ = {isa = PBXBuildFile; fileRef = D47C6FE615A6328200265F10 /* small_leather.jpg */; };
		D47C6FF415A63AD900265F10 /* AirstreamNF.ttf in Resources */ = {isa = PBXBuildFile; fileRef = D47C6FF215A63AD900265F10 /* AirstreamNF.ttf */; };
		D47C6FF515A63AD900265F10 /* schmutzicgcorroded.ttf in Resources */ = {isa = PBXBuildFile; fileRef = D47C6FF315A63AD900265F10 /* schmutzicgcorroded.ttf */; };
		D47C6FF915A63B9200265F10 /* Zero1_GenericListViewCell.m in Sources */ = {isa = PBXBuildFile; fileRef = D47C6FF815A63B9200265F10 /* Zero1_GenericListViewCell.m */; };
		D47C6FFD15A6500500265F10 /* Zero1_ProgramsListViewController.m in Sources */ = {isa = PBXBuildFile; fileRef = D47C6FFC15A6500500265F10 /* Zero1_ProgramsListViewController.m */; };
		D47C700015A65A4500265F10 /* Zero1_VenueListViewController.m in Sources */ = {isa = PBXBuildFile; fileRef = D47C6FFF15A65A4400265F10 /* Zero1_VenueListViewController.m */; };
		D47C700315A65F5B00265F10 /* Zero1_ArtistListViewController.m in Sources */ = {isa = PBXBuildFile; fileRef = D47C700215A65F5B00265F10 /* Zero1_ArtistListViewController.m */; };
		D47C700615A6638A00265F10 /* Zero1_ArtistDetailViewController.m in Sources */ = {isa = PBXBuildFile; fileRef = D47C700515A6638A00265F10 /* Zero1_ArtistDetailViewController.m */; };
/* End PBXBuildFile section */

/* Begin PBXFileReference section */
		D47C6F7715A3A8F100265F10 /* Zero1BiennalDemo.app */ = {isa = PBXFileReference; explicitFileType = wrapper.application; includeInIndex = 0; path = Zero1BiennalDemo.app; sourceTree = BUILT_PRODUCTS_DIR; };
		D47C6F7B15A3A8F100265F10 /* UIKit.framework */ = {isa = PBXFileReference; lastKnownFileType = wrapper.framework; name = UIKit.framework; path = System/Library/Frameworks/UIKit.framework; sourceTree = SDKROOT; };
		D47C6F7D15A3A8F100265F10 /* Foundation.framework */ = {isa = PBXFileReference; lastKnownFileType = wrapper.framework; name = Foundation.framework; path = System/Library/Frameworks/Foundation.framework; sourceTree = SDKROOT; };
		D47C6F7F15A3A8F100265F10 /* CoreGraphics.framework */ = {isa = PBXFileReference; lastKnownFileType = wrapper.framework; name = CoreGraphics.framework; path = System/Library/Frameworks/CoreGraphics.framework; sourceTree = SDKROOT; };
		D47C6F8315A3A8F100265F10 /* Zero1BiennalDemo-Info.plist */ = {isa = PBXFileReference; lastKnownFileType = text.plist.xml; path = "Zero1BiennalDemo-Info.plist"; sourceTree = "<group>"; };
		D47C6F8515A3A8F100265F10 /* en */ = {isa = PBXFileReference; lastKnownFileType = text.plist.strings; name = en; path = en.lproj/InfoPlist.strings; sourceTree = "<group>"; };
		D47C6F8715A3A8F100265F10 /* main.m */ = {isa = PBXFileReference; lastKnownFileType = sourcecode.c.objc; path = main.m; sourceTree = "<group>"; };
		D47C6F8915A3A8F100265F10 /* Zero1BiennalDemo-Prefix.pch */ = {isa = PBXFileReference; lastKnownFileType = sourcecode.c.h; path = "Zero1BiennalDemo-Prefix.pch"; sourceTree = "<group>"; };
		D47C6F8A15A3A8F100265F10 /* Zero1_AppDelegate.h */ = {isa = PBXFileReference; lastKnownFileType = sourcecode.c.h; path = Zero1_AppDelegate.h; sourceTree = "<group>"; };
		D47C6F8B15A3A8F100265F10 /* Zero1_AppDelegate.m */ = {isa = PBXFileReference; lastKnownFileType = sourcecode.c.objc; path = Zero1_AppDelegate.m; sourceTree = "<group>"; };
		D47C6F8E15A3A8F200265F10 /* en */ = {isa = PBXFileReference; lastKnownFileType = file.storyboard; name = en; path = en.lproj/MainStoryboard.storyboard; sourceTree = "<group>"; };
		D47C6FA615A628B000265F10 /* Zero1_GenericListViewController.h */ = {isa = PBXFileReference; fileEncoding = 4; lastKnownFileType = sourcecode.c.h; path = Zero1_GenericListViewController.h; sourceTree = "<group>"; };
		D47C6FA715A628B000265F10 /* Zero1_GenericListViewController.m */ = {isa = PBXFileReference; fileEncoding = 4; lastKnownFileType = sourcecode.c.objc; path = Zero1_GenericListViewController.m; sourceTree = "<group>"; };
		D47C6FAF15A631B000265F10 /* first.png */ = {isa = PBXFileReference; lastKnownFileType = image.png; name = first.png; path = assets/ui/first.png; sourceTree = "<group>"; };
		D47C6FB015A631B000265F10 /* first@2x.png */ = {isa = PBXFileReference; lastKnownFileType = image.png; name = "first@2x.png"; path = "assets/ui/first@2x.png"; sourceTree = "<group>"; };
		D47C6FB115A631B000265F10 /* second.png */ = {isa = PBXFileReference; lastKnownFileType = image.png; name = second.png; path = assets/ui/second.png; sourceTree = "<group>"; };
		D47C6FB215A631B000265F10 /* second@2x.png */ = {isa = PBXFileReference; lastKnownFileType = image.png; name = "second@2x.png"; path = "assets/ui/second@2x.png"; sourceTree = "<group>"; };
		D47C6FB815A6327300265F10 /* Omnes-Black.otf */ = {isa = PBXFileReference; lastKnownFileType = file; name = "Omnes-Black.otf"; path = "assets/fonts/Omnes-Black.otf"; sourceTree = "<group>"; };
		D47C6FB915A6327300265F10 /* Omnes-BlackItalic.otf */ = {isa = PBXFileReference; lastKnownFileType = file; name = "Omnes-BlackItalic.otf"; path = "assets/fonts/Omnes-BlackItalic.otf"; sourceTree = "<group>"; };
		D47C6FBA15A6327300265F10 /* Omnes-Bold.otf */ = {isa = PBXFileReference; lastKnownFileType = file; name = "Omnes-Bold.otf"; path = "assets/fonts/Omnes-Bold.otf"; sourceTree = "<group>"; };
		D47C6FBB15A6327300265F10 /* Omnes-BoldItalic.otf */ = {isa = PBXFileReference; lastKnownFileType = file; name = "Omnes-BoldItalic.otf"; path = "assets/fonts/Omnes-BoldItalic.otf"; sourceTree = "<group>"; };
		D47C6FBC15A6327300265F10 /* Omnes-ExtraLight.otf */ = {isa = PBXFileReference; lastKnownFileType = file; name = "Omnes-ExtraLight.otf"; path = "assets/fonts/Omnes-ExtraLight.otf"; sourceTree = "<group>"; };
		D47C6FBD15A6327300265F10 /* Omnes-ExtraLightItalic.otf */ = {isa = PBXFileReference; lastKnownFileType = file; name = "Omnes-ExtraLightItalic.otf"; path = "assets/fonts/Omnes-ExtraLightItalic.otf"; sourceTree = "<group>"; };
		D47C6FBE15A6327300265F10 /* Omnes-Hairline.otf */ = {isa = PBXFileReference; lastKnownFileType = file; name = "Omnes-Hairline.otf"; path = "assets/fonts/Omnes-Hairline.otf"; sourceTree = "<group>"; };
		D47C6FBF15A6327300265F10 /* Omnes-HairlineItalic.otf */ = {isa = PBXFileReference; lastKnownFileType = file; name = "Omnes-HairlineItalic.otf"; path = "assets/fonts/Omnes-HairlineItalic.otf"; sourceTree = "<group>"; };
		D47C6FC015A6327300265F10 /* Omnes-Light.otf */ = {isa = PBXFileReference; lastKnownFileType = file; name = "Omnes-Light.otf"; path = "assets/fonts/Omnes-Light.otf"; sourceTree = "<group>"; };
		D47C6FC115A6327300265F10 /* Omnes-LightItalic.otf */ = {isa = PBXFileReference; lastKnownFileType = file; name = "Omnes-LightItalic.otf"; path = "assets/fonts/Omnes-LightItalic.otf"; sourceTree = "<group>"; };
		D47C6FC215A6327300265F10 /* Omnes-Medium.otf */ = {isa = PBXFileReference; lastKnownFileType = file; name = "Omnes-Medium.otf"; path = "assets/fonts/Omnes-Medium.otf"; sourceTree = "<group>"; };
		D47C6FC315A6327300265F10 /* Omnes-MediumItalic.otf */ = {isa = PBXFileReference; lastKnownFileType = file; name = "Omnes-MediumItalic.otf"; path = "assets/fonts/Omnes-MediumItalic.otf"; sourceTree = "<group>"; };
		D47C6FC415A6327300265F10 /* Omnes-RegularItalic.otf */ = {isa = PBXFileReference; lastKnownFileType = file; name = "Omnes-RegularItalic.otf"; path = "assets/fonts/Omnes-RegularItalic.otf"; sourceTree = "<group>"; };
		D47C6FC515A6327300265F10 /* Omnes-Semibold.otf */ = {isa = PBXFileReference; lastKnownFileType = file; name = "Omnes-Semibold.otf"; path = "assets/fonts/Omnes-Semibold.otf"; sourceTree = "<group>"; };
		D47C6FC615A6327300265F10 /* Omnes-SemiboldItalic.otf */ = {isa = PBXFileReference; lastKnownFileType = file; name = "Omnes-SemiboldItalic.otf"; path = "assets/fonts/Omnes-SemiboldItalic.otf"; sourceTree = "<group>"; };
		D47C6FC715A6327300265F10 /* Omnes-Thin.otf */ = {isa = PBXFileReference; lastKnownFileType = file; name = "Omnes-Thin.otf"; path = "assets/fonts/Omnes-Thin.otf"; sourceTree = "<group>"; };
		D47C6FC815A6327300265F10 /* Omnes-ThinItalic.otf */ = {isa = PBXFileReference; lastKnownFileType = file; name = "Omnes-ThinItalic.otf"; path = "assets/fonts/Omnes-ThinItalic.otf"; sourceTree = "<group>"; };
		D47C6FC915A6327300265F10 /* Omnes.otf */ = {isa = PBXFileReference; lastKnownFileType = file; name = Omnes.otf; path = assets/fonts/Omnes.otf; sourceTree = "<group>"; };
		D47C6FDC15A6328200265F10 /* Chrome-metal-texture-bright.jpg */ = {isa = PBXFileReference; lastKnownFileType = image.jpeg; name = "Chrome-metal-texture-bright.jpg"; path = "assets/ui/Chrome-metal-texture-bright.jpg"; sourceTree = "<group>"; };
		D47C6FDD15A6328200265F10 /* Chrome-metal-texture.jpg */ = {isa = PBXFileReference; lastKnownFileType = image.jpeg; name = "Chrome-metal-texture.jpg"; path = "assets/ui/Chrome-metal-texture.jpg"; sourceTree = "<group>"; };
		D47C6FDE15A6328200265F10 /* copper-metal-bright.jpg */ = {isa = PBXFileReference; lastKnownFileType = image.jpeg; name = "copper-metal-bright.jpg"; path = "assets/ui/copper-metal-bright.jpg"; sourceTree = "<group>"; };
		D47C6FDF15A6328200265F10 /* gold-texture-soft.jpg */ = {isa = PBXFileReference; lastKnownFileType = image.jpeg; name = "gold-texture-soft.jpg"; path = "assets/ui/gold-texture-soft.jpg"; sourceTree = "<group>"; };
		D47C6FE015A6328200265F10 /* gold-texture-tab.jpg */ = {isa = PBXFileReference; lastKnownFileType = image.jpeg; name = "gold-texture-tab.jpg"; path = "assets/ui/gold-texture-tab.jpg"; sourceTree = "<group>"; };
		D47C6FE115A6328200265F10 /* granite1.png */ = {isa = PBXFileReference; lastKnownFileType = image.png; name = granite1.png; path = assets/ui/granite1.png; sourceTree = "<group>"; };
		D47C6FE215A6328200265F10 /* leather1.jpg */ = {isa = PBXFileReference; lastKnownFileType = image.jpeg; name = leather1.jpg; path = assets/ui/leather1.jpg; sourceTree = "<group>"; };
		D47C6FE315A6328200265F10 /* red_wood_tabbar_selected.jpg */ = {isa = PBXFileReference; lastKnownFileType = image.jpeg; name = red_wood_tabbar_selected.jpg; path = assets/ui/red_wood_tabbar_selected.jpg; sourceTree = "<group>"; };
		D47C6FE415A6328200265F10 /* red_wood_tabbar.jpg */ = {isa = PBXFileReference; lastKnownFileType = image.jpeg; name = red_wood_tabbar.jpg; path = assets/ui/red_wood_tabbar.jpg; sourceTree = "<group>"; };
		D47C6FE515A6328200265F10 /* slate.jpg */ = {isa = PBXFileReference; lastKnownFileType = image.jpeg; name = slate.jpg; path = assets/ui/slate.jpg; sourceTree = "<group>"; };
		D47C6FE615A6328200265F10 /* small_leather.jpg */ = {isa = PBXFileReference; lastKnownFileType = image.jpeg; name = small_leather.jpg; path = assets/ui/small_leather.jpg; sourceTree = "<group>"; };
		D47C6FF215A63AD900265F10 /* AirstreamNF.ttf */ = {isa = PBXFileReference; lastKnownFileType = file; name = AirstreamNF.ttf; path = assets/fonts/AirstreamNF.ttf; sourceTree = "<group>"; };
		D47C6FF315A63AD900265F10 /* schmutzicgcorroded.ttf */ = {isa = PBXFileReference; lastKnownFileType = file; name = schmutzicgcorroded.ttf; path = assets/fonts/schmutzicgcorroded.ttf; sourceTree = "<group>"; };
		D47C6FF715A63B9200265F10 /* Zero1_GenericListViewCell.h */ = {isa = PBXFileReference; fileEncoding = 4; lastKnownFileType = sourcecode.c.h; path = Zero1_GenericListViewCell.h; sourceTree = "<group>"; };
		D47C6FF815A63B9200265F10 /* Zero1_GenericListViewCell.m */ = {isa = PBXFileReference; fileEncoding = 4; lastKnownFileType = sourcecode.c.objc; path = Zero1_GenericListViewCell.m; sourceTree = "<group>"; };
		D47C6FFA15A64D1F00265F10 /* AppConstants.h */ = {isa = PBXFileReference; lastKnownFileType = sourcecode.c.h; path = AppConstants.h; sourceTree = "<group>"; };
		D47C6FFB15A6500500265F10 /* Zero1_ProgramsListViewController.h */ = {isa = PBXFileReference; fileEncoding = 4; lastKnownFileType = sourcecode.c.h; name = Zero1_ProgramsListViewController.h; path = ViewControllers/Zero1_ProgramsListViewController.h; sourceTree = "<group>"; };
		D47C6FFC15A6500500265F10 /* Zero1_ProgramsListViewController.m */ = {isa = PBXFileReference; fileEncoding = 4; lastKnownFileType = sourcecode.c.objc; name = Zero1_ProgramsListViewController.m; path = ViewControllers/Zero1_ProgramsListViewController.m; sourceTree = "<group>"; };
		D47C6FFE15A65A4400265F10 /* Zero1_VenueListViewController.h */ = {isa = PBXFileReference; fileEncoding = 4; lastKnownFileType = sourcecode.c.h; name = Zero1_VenueListViewController.h; path = ViewControllers/Zero1_VenueListViewController.h; sourceTree = "<group>"; };
		D47C6FFF15A65A4400265F10 /* Zero1_VenueListViewController.m */ = {isa = PBXFileReference; fileEncoding = 4; lastKnownFileType = sourcecode.c.objc; name = Zero1_VenueListViewController.m; path = ViewControllers/Zero1_VenueListViewController.m; sourceTree = "<group>"; };
		D47C700115A65F5B00265F10 /* Zero1_ArtistListViewController.h */ = {isa = PBXFileReference; fileEncoding = 4; lastKnownFileType = sourcecode.c.h; name = Zero1_ArtistListViewController.h; path = ViewControllers/Zero1_ArtistListViewController.h; sourceTree = "<group>"; };
		D47C700215A65F5B00265F10 /* Zero1_ArtistListViewController.m */ = {isa = PBXFileReference; fileEncoding = 4; lastKnownFileType = sourcecode.c.objc; name = Zero1_ArtistListViewController.m; path = ViewControllers/Zero1_ArtistListViewController.m; sourceTree = "<group>"; };
		D47C700415A6638A00265F10 /* Zero1_ArtistDetailViewController.h */ = {isa = PBXFileReference; fileEncoding = 4; lastKnownFileType = sourcecode.c.h; name = Zero1_ArtistDetailViewController.h; path = ViewControllers/Zero1_ArtistDetailViewController.h; sourceTree = "<group>"; };
		D47C700515A6638A00265F10 /* Zero1_ArtistDetailViewController.m */ = {isa = PBXFileReference; fileEncoding = 4; lastKnownFileType = sourcecode.c.objc; name = Zero1_ArtistDetailViewController.m; path = ViewControllers/Zero1_ArtistDetailViewController.m; sourceTree = "<group>"; };
/* End PBXFileReference section */

/* Begin PBXFrameworksBuildPhase section */
		D47C6F7415A3A8F100265F10 /* Frameworks */ = {
			isa = PBXFrameworksBuildPhase;
			buildActionMask = 2147483647;
			files = (
				D47C6F7C15A3A8F100265F10 /* UIKit.framework in Frameworks */,
				D47C6F7E15A3A8F100265F10 /* Foundation.framework in Frameworks */,
				D47C6F8015A3A8F100265F10 /* CoreGraphics.framework in Frameworks */,
			);
			runOnlyForDeploymentPostprocessing = 0;
		};
/* End PBXFrameworksBuildPhase section */

/* Begin PBXGroup section */
		D47C6F6C15A3A8F100265F10 = {
			isa = PBXGroup;
			children = (
				D47C6F8115A3A8F100265F10 /* Zero1BiennalDemo */,
				D47C6F7A15A3A8F100265F10 /* Frameworks */,
				D47C6F7815A3A8F100265F10 /* Products */,
			);
			sourceTree = "<group>";
		};
		D47C6F7815A3A8F100265F10 /* Products */ = {
			isa = PBXGroup;
			children = (
				D47C6F7715A3A8F100265F10 /* Zero1BiennalDemo.app */,
			);
			name = Products;
			sourceTree = "<group>";
		};
		D47C6F7A15A3A8F100265F10 /* Frameworks */ = {
			isa = PBXGroup;
			children = (
				D47C6F7B15A3A8F100265F10 /* UIKit.framework */,
				D47C6F7D15A3A8F100265F10 /* Foundation.framework */,
				D47C6F7F15A3A8F100265F10 /* CoreGraphics.framework */,
			);
			name = Frameworks;
			sourceTree = "<group>";
		};
		D47C6F8115A3A8F100265F10 /* Zero1BiennalDemo */ = {
			isa = PBXGroup;
			children = (
				D47C6FF615A63B4B00265F10 /* ViewControllers */,
				D47C6FAD15A6315400265F10 /* Assets */,
				D47C6F8A15A3A8F100265F10 /* Zero1_AppDelegate.h */,
				D47C6F8B15A3A8F100265F10 /* Zero1_AppDelegate.m */,
				D47C6FFA15A64D1F00265F10 /* AppConstants.h */,
				D47C6F8D15A3A8F200265F10 /* MainStoryboard.storyboard */,
				D47C6F8215A3A8F100265F10 /* Supporting Files */,
			);
			path = Zero1BiennalDemo;
			sourceTree = "<group>";
		};
		D47C6F8215A3A8F100265F10 /* Supporting Files */ = {
			isa = PBXGroup;
			children = (
				D47C6F8315A3A8F100265F10 /* Zero1BiennalDemo-Info.plist */,
				D47C6F8415A3A8F100265F10 /* InfoPlist.strings */,
				D47C6F8715A3A8F100265F10 /* main.m */,
				D47C6F8915A3A8F100265F10 /* Zero1BiennalDemo-Prefix.pch */,
			);
			name = "Supporting Files";
			sourceTree = "<group>";
		};
		D47C6FAD15A6315400265F10 /* Assets */ = {
			isa = PBXGroup;
			children = (
				D47C6FB715A6325C00265F10 /* Fonts */,
				D47C6FAE15A6319400265F10 /* UI */,
			);
			name = Assets;
			sourceTree = "<group>";
		};
		D47C6FAE15A6319400265F10 /* UI */ = {
			isa = PBXGroup;
			children = (
				D47C6FDC15A6328200265F10 /* Chrome-metal-texture-bright.jpg */,
				D47C6FDD15A6328200265F10 /* Chrome-metal-texture.jpg */,
				D47C6FDE15A6328200265F10 /* copper-metal-bright.jpg */,
				D47C6FDF15A6328200265F10 /* gold-texture-soft.jpg */,
				D47C6FE015A6328200265F10 /* gold-texture-tab.jpg */,
				D47C6FE115A6328200265F10 /* granite1.png */,
				D47C6FE215A6328200265F10 /* leather1.jpg */,
				D47C6FE315A6328200265F10 /* red_wood_tabbar_selected.jpg */,
				D47C6FE415A6328200265F10 /* red_wood_tabbar.jpg */,
				D47C6FE515A6328200265F10 /* slate.jpg */,
				D47C6FE615A6328200265F10 /* small_leather.jpg */,
				D47C6FAF15A631B000265F10 /* first.png */,
				D47C6FB015A631B000265F10 /* first@2x.png */,
				D47C6FB115A631B000265F10 /* second.png */,
				D47C6FB215A631B000265F10 /* second@2x.png */,
			);
			name = UI;
			sourceTree = "<group>";
		};
		D47C6FB715A6325C00265F10 /* Fonts */ = {
			isa = PBXGroup;
			children = (
				D47C6FF215A63AD900265F10 /* AirstreamNF.ttf */,
				D47C6FF315A63AD900265F10 /* schmutzicgcorroded.ttf */,
				D47C6FB815A6327300265F10 /* Omnes-Black.otf */,
				D47C6FB915A6327300265F10 /* Omnes-BlackItalic.otf */,
				D47C6FBA15A6327300265F10 /* Omnes-Bold.otf */,
				D47C6FBB15A6327300265F10 /* Omnes-BoldItalic.otf */,
				D47C6FBC15A6327300265F10 /* Omnes-ExtraLight.otf */,
				D47C6FBD15A6327300265F10 /* Omnes-ExtraLightItalic.otf */,
				D47C6FBE15A6327300265F10 /* Omnes-Hairline.otf */,
				D47C6FBF15A6327300265F10 /* Omnes-HairlineItalic.otf */,
				D47C6FC015A6327300265F10 /* Omnes-Light.otf */,
				D47C6FC115A6327300265F10 /* Omnes-LightItalic.otf */,
				D47C6FC215A6327300265F10 /* Omnes-Medium.otf */,
				D47C6FC315A6327300265F10 /* Omnes-MediumItalic.otf */,
				D47C6FC415A6327300265F10 /* Omnes-RegularItalic.otf */,
				D47C6FC515A6327300265F10 /* Omnes-Semibold.otf */,
				D47C6FC615A6327300265F10 /* Omnes-SemiboldItalic.otf */,
				D47C6FC715A6327300265F10 /* Omnes-Thin.otf */,
				D47C6FC815A6327300265F10 /* Omnes-ThinItalic.otf */,
				D47C6FC915A6327300265F10 /* Omnes.otf */,
			);
			name = Fonts;
			sourceTree = "<group>";
		};
		D47C6FF615A63B4B00265F10 /* ViewControllers */ = {
			isa = PBXGroup;
			children = (
				D47C6FA615A628B000265F10 /* Zero1_GenericListViewController.h */,
				D47C6FA715A628B000265F10 /* Zero1_GenericListViewController.m */,
				D47C6FF715A63B9200265F10 /* Zero1_GenericListViewCell.h */,
				D47C6FF815A63B9200265F10 /* Zero1_GenericListViewCell.m */,
				D47C6FFB15A6500500265F10 /* Zero1_ProgramsListViewController.h */,
				D47C6FFC15A6500500265F10 /* Zero1_ProgramsListViewController.m */,
				D47C6FFE15A65A4400265F10 /* Zero1_VenueListViewController.h */,
				D47C6FFF15A65A4400265F10 /* Zero1_VenueListViewController.m */,
				D47C700115A65F5B00265F10 /* Zero1_ArtistListViewController.h */,
				D47C700215A65F5B00265F10 /* Zero1_ArtistListViewController.m */,
				D47C700415A6638A00265F10 /* Zero1_ArtistDetailViewController.h */,
				D47C700515A6638A00265F10 /* Zero1_ArtistDetailViewController.m */,
			);
			name = ViewControllers;
			sourceTree = "<group>";
		};
/* End PBXGroup section */

/* Begin PBXNativeTarget section */
		D47C6F7615A3A8F100265F10 /* Zero1BiennalDemo */ = {
			isa = PBXNativeTarget;
			buildConfigurationList = D47C6FA015A3A8F200265F10 /* Build configuration list for PBXNativeTarget "Zero1BiennalDemo" */;
			buildPhases = (
				D47C6F7315A3A8F100265F10 /* Sources */,
				D47C6F7415A3A8F100265F10 /* Frameworks */,
				D47C6F7515A3A8F100265F10 /* Resources */,
			);
			buildRules = (
			);
			dependencies = (
			);
			name = Zero1BiennalDemo;
			productName = Zero1BiennalDemo;
			productReference = D47C6F7715A3A8F100265F10 /* Zero1BiennalDemo.app */;
			productType = "com.apple.product-type.application";
		};
/* End PBXNativeTarget section */

/* Begin PBXProject section */
		D47C6F6E15A3A8F100265F10 /* Project object */ = {
			isa = PBXProject;
			attributes = {
				CLASSPREFIX = Zero1_;
				LastUpgradeCheck = 0430;
				ORGANIZATIONNAME = "DVPweb.com - DBA: Dan Zeitman";
			};
			buildConfigurationList = D47C6F7115A3A8F100265F10 /* Build configuration list for PBXProject "Zero1BiennalDemo" */;
			compatibilityVersion = "Xcode 3.2";
			developmentRegion = English;
			hasScannedForEncodings = 0;
			knownRegions = (
				en,
			);
			mainGroup = D47C6F6C15A3A8F100265F10;
			productRefGroup = D47C6F7815A3A8F100265F10 /* Products */;
			projectDirPath = "";
			projectRoot = "";
			targets = (
				D47C6F7615A3A8F100265F10 /* Zero1BiennalDemo */,
			);
		};
/* End PBXProject section */

/* Begin PBXResourcesBuildPhase section */
		D47C6F7515A3A8F100265F10 /* Resources */ = {
			isa = PBXResourcesBuildPhase;
			buildActionMask = 2147483647;
			files = (
				D47C6F8615A3A8F100265F10 /* InfoPlist.strings in Resources */,
				D47C6F8F15A3A8F200265F10 /* MainStoryboard.storyboard in Resources */,
				D47C6FB315A631B000265F10 /* first.png in Resources */,
				D47C6FB415A631B000265F10 /* first@2x.png in Resources */,
				D47C6FB515A631B000265F10 /* second.png in Resources */,
				D47C6FB615A631B000265F10 /* second@2x.png in Resources */,
				D47C6FCA15A6327300265F10 /* Omnes-Black.otf in Resources */,
				D47C6FCB15A6327300265F10 /* Omnes-BlackItalic.otf in Resources */,
				D47C6FCC15A6327300265F10 /* Omnes-Bold.otf in Resources */,
				D47C6FCD15A6327300265F10 /* Omnes-BoldItalic.otf in Resources */,
				D47C6FCE15A6327300265F10 /* Omnes-ExtraLight.otf in Resources */,
				D47C6FCF15A6327300265F10 /* Omnes-ExtraLightItalic.otf in Resources */,
				D47C6FD015A6327300265F10 /* Omnes-Hairline.otf in Resources */,
				D47C6FD115A6327300265F10 /* Omnes-HairlineItalic.otf in Resources */,
				D47C6FD215A6327300265F10 /* Omnes-Light.otf in Resources */,
				D47C6FD315A6327300265F10 /* Omnes-LightItalic.otf in Resources */,
				D47C6FD415A6327300265F10 /* Omnes-Medium.otf in Resources */,
				D47C6FD515A6327300265F10 /* Omnes-MediumItalic.otf in Resources */,
				D47C6FD615A6327300265F10 /* Omnes-RegularItalic.otf in Resources */,
				D47C6FD715A6327300265F10 /* Omnes-Semibold.otf in Resources */,
				D47C6FD815A6327300265F10 /* Omnes-SemiboldItalic.otf in Resources */,
				D47C6FD915A6327300265F10 /* Omnes-Thin.otf in Resources */,
				D47C6FDA15A6327300265F10 /* Omnes-ThinItalic.otf in Resources */,
				D47C6FDB15A6327300265F10 /* Omnes.otf in Resources */,
				D47C6FE715A6328200265F10 /* Chrome-metal-texture-bright.jpg in Resources */,
				D47C6FE815A6328200265F10 /* Chrome-metal-texture.jpg in Resources */,
				D47C6FE915A6328200265F10 /* copper-metal-bright.jpg in Resources */,
				D47C6FEA15A6328200265F10 /* gold-texture-soft.jpg in Resources */,
				D47C6FEB15A6328200265F10 /* gold-texture-tab.jpg in Resources */,
				D47C6FEC15A6328200265F10 /* granite1.png in Resources */,
				D47C6FED15A6328200265F10 /* leather1.jpg in Resources */,
				D47C6FEE15A6328200265F10 /* red_wood_tabbar_selected.jpg in Resources */,
				D47C6FEF15A6328200265F10 /* red_wood_tabbar.jpg in Resources */,
				D47C6FF015A6328200265F10 /* slate.jpg in Resources */,
				D47C6FF115A6328200265F10 /* small_leather.jpg in Resources */,
				D47C6FF415A63AD900265F10 /* AirstreamNF.ttf in Resources */,
				D47C6FF515A63AD900265F10 /* schmutzicgcorroded.ttf in Resources */,
			);
			runOnlyForDeploymentPostprocessing = 0;
		};
/* End PBXResourcesBuildPhase section */

/* Begin PBXSourcesBuildPhase section */
		D47C6F7315A3A8F100265F10 /* Sources */ = {
			isa = PBXSourcesBuildPhase;
			buildActionMask = 2147483647;
			files = (
				D47C6F8815A3A8F100265F10 /* main.m in Sources */,
				D47C6F8C15A3A8F100265F10 /* Zero1_AppDelegate.m in Sources */,
				D47C6FA815A628B000265F10 /* Zero1_GenericListViewController.m in Sources */,
				D47C6FF915A63B9200265F10 /* Zero1_GenericListViewCell.m in Sources */,
				D47C6FFD15A6500500265F10 /* Zero1_ProgramsListViewController.m in Sources */,
				D47C700015A65A4500265F10 /* Zero1_VenueListViewController.m in Sources */,
				D47C700315A65F5B00265F10 /* Zero1_ArtistListViewController.m in Sources */,
				D47C700615A6638A00265F10 /* Zero1_ArtistDetailViewController.m in Sources */,
			);
			runOnlyForDeploymentPostprocessing = 0;
		};
/* End PBXSourcesBuildPhase section */

/* Begin PBXVariantGroup section */
		D47C6F8415A3A8F100265F10 /* InfoPlist.strings */ = {
			isa = PBXVariantGroup;
			children = (
				D47C6F8515A3A8F100265F10 /* en */,
			);
			name = InfoPlist.strings;
			sourceTree = "<group>";
		};
		D47C6F8D15A3A8F200265F10 /* MainStoryboard.storyboard */ = {
			isa = PBXVariantGroup;
			children = (
				D47C6F8E15A3A8F200265F10 /* en */,
			);
			name = MainStoryboard.storyboard;
			sourceTree = "<group>";
		};
/* End PBXVariantGroup section */

/* Begin XCBuildConfiguration section */
		D47C6F9E15A3A8F200265F10 /* Debug */ = {
			isa = XCBuildConfiguration;
			buildSettings = {
				ALWAYS_SEARCH_USER_PATHS = NO;
				ARCHS = "$(ARCHS_STANDARD_32_BIT)";
				CLANG_ENABLE_OBJC_ARC = YES;
				"CODE_SIGN_IDENTITY[sdk=iphoneos*]" = "iPhone Developer";
				COPY_PHASE_STRIP = NO;
				GCC_C_LANGUAGE_STANDARD = gnu99;
				GCC_DYNAMIC_NO_PIC = NO;
				GCC_OPTIMIZATION_LEVEL = 0;
				GCC_PREPROCESSOR_DEFINITIONS = (
					"DEBUG=1",
					"$(inherited)",
				);
				GCC_SYMBOLS_PRIVATE_EXTERN = NO;
				GCC_VERSION = com.apple.compilers.llvm.clang.1_0;
				GCC_WARN_ABOUT_RETURN_TYPE = YES;
				GCC_WARN_UNINITIALIZED_AUTOS = YES;
				GCC_WARN_UNUSED_VARIABLE = YES;
				IPHONEOS_DEPLOYMENT_TARGET = 5.1;
				SDKROOT = iphoneos;
			};
			name = Debug;
		};
		D47C6F9F15A3A8F200265F10 /* Release */ = {
			isa = XCBuildConfiguration;
			buildSettings = {
				ALWAYS_SEARCH_USER_PATHS = NO;
				ARCHS = "$(ARCHS_STANDARD_32_BIT)";
				CLANG_ENABLE_OBJC_ARC = YES;
				"CODE_SIGN_IDENTITY[sdk=iphoneos*]" = "iPhone Developer";
				COPY_PHASE_STRIP = YES;
				GCC_C_LANGUAGE_STANDARD = gnu99;
				GCC_VERSION = com.apple.compilers.llvm.clang.1_0;
				GCC_WARN_ABOUT_RETURN_TYPE = YES;
				GCC_WARN_UNINITIALIZED_AUTOS = YES;
				GCC_WARN_UNUSED_VARIABLE = YES;
				IPHONEOS_DEPLOYMENT_TARGET = 5.1;
				OTHER_CFLAGS = "-DNS_BLOCK_ASSERTIONS=1";
				SDKROOT = iphoneos;
				VALIDATE_PRODUCT = YES;
			};
			name = Release;
		};
		D47C6FA115A3A8F200265F10 /* Debug */ = {
			isa = XCBuildConfiguration;
			buildSettings = {
				GCC_PRECOMPILE_PREFIX_HEADER = YES;
				GCC_PREFIX_HEADER = "Zero1BiennalDemo/Zero1BiennalDemo-Prefix.pch";
				INFOPLIST_FILE = "Zero1BiennalDemo/Zero1BiennalDemo-Info.plist";
				PRODUCT_NAME = "$(TARGET_NAME)";
				WRAPPER_EXTENSION = app;
			};
			name = Debug;
		};
		D47C6FA215A3A8F200265F10 /* Release */ = {
			isa = XCBuildConfiguration;
			buildSettings = {
				GCC_PRECOMPILE_PREFIX_HEADER = YES;
				GCC_PREFIX_HEADER = "Zero1BiennalDemo/Zero1BiennalDemo-Prefix.pch";
				INFOPLIST_FILE = "Zero1BiennalDemo/Zero1BiennalDemo-Info.plist";
				PRODUCT_NAME = "$(TARGET_NAME)";
				WRAPPER_EXTENSION = app;
			};
			name = Release;
		};
/* End XCBuildConfiguration section */

/* Begin XCConfigurationList section */
		D47C6F7115A3A8F100265F10 /* Build configuration list for PBXProject "Zero1BiennalDemo" */ = {
			isa = XCConfigurationList;
			buildConfigurations = (
				D47C6F9E15A3A8F200265F10 /* Debug */,
				D47C6F9F15A3A8F200265F10 /* Release */,
			);
			defaultConfigurationIsVisible = 0;
			defaultConfigurationName = Release;
		};
		D47C6FA015A3A8F200265F10 /* Build configuration list for PBXNativeTarget "Zero1BiennalDemo" */ = {
			isa = XCConfigurationList;
			buildConfigurations = (
				D47C6FA115A3A8F200265F10 /* Debug */,
				D47C6FA215A3A8F200265F10 /* Release */,
			);
			defaultConfigurationIsVisible = 0;
		};
/* End XCConfigurationList section */
	};
	rootObject = D47C6F6E15A3A8F100265F10 /* Project object */;
}
